
Microsoft Visual Studio Solution File, Format Version 12.00
# Visual Studio 15
VisualStudioVersion = 15.0.26228.4
MinimumVisualStudioVersion = 10.0.40219.1
Project("{8BC9CEB8-8B4A-11D0-8D11-00A0C91BC942}") = "Algorithms", "Algorithms\Algorithms.vcxproj", "{41EC7EDF-1513-40BE-8ADF-2326CB69F3CE}"
EndProject
Project("{8BC9CEB8-8B4A-11D0-8D11-00A0C91BC942}") = "AlgorithmsTests", "AlgorithmsTests\AlgorithmsTests.vcxproj", "{AF586225-A645-45E9-86DF-F066C02EC5CF}"
EndProject
Global
	GlobalSection(SolutionConfigurationPlatforms) = preSolution
		Debug|x64 = Debug|x64
		Debug|x86 = Debug|x86
		Release|x64 = Release|x64
		Release|x86 = Release|x86
	EndGlobalSection
	GlobalSection(ProjectConfigurationPlatforms) = postSolution
		{41EC7EDF-1513-40BE-8ADF-2326CB69F3CE}.Debug|x64.ActiveCfg = Debug|x64
		{41EC7EDF-1513-40BE-8ADF-2326CB69F3CE}.Debug|x64.Build.0 = Debug|x64
		{41EC7EDF-1513-40BE-8ADF-2326CB69F3CE}.Debug|x86.ActiveCfg = Debug|Win32
		{41EC7EDF-1513-40BE-8ADF-2326CB69F3CE}.Debug|x86.Build.0 = Debug|Win32
		{41EC7EDF-1513-40BE-8ADF-2326CB69F3CE}.Release|x64.ActiveCfg = Release|x64
		{41EC7EDF-1513-40BE-8ADF-2326CB69F3CE}.Release|x64.Build.0 = Release|x64
		{41EC7EDF-1513-40BE-8ADF-2326CB69F3CE}.Release|x86.ActiveCfg = Release|Win32
		{41EC7EDF-1513-40BE-8ADF-2326CB69F3CE}.Release|x86.Build.0 = Release|Win32
		{AF586225-A645-45E9-86DF-F066C02EC5CF}.Debug|x64.ActiveCfg = Debug|x64
		{AF586225-A645-45E9-86DF-F066C02EC5CF}.Debug|x64.Build.0 = Debug|x64
		{AF586225-A645-45E9-86DF-F066C02EC5CF}.Debug|x86.ActiveCfg = Debug|Win32
		{AF586225-A645-45E9-86DF-F066C02EC5CF}.Debug|x86.Build.0 = Debug|Win32
		{AF586225-A645-45E9-86DF-F066C02EC5CF}.Release|x64.ActiveCfg = Release|x64
		{AF586225-A645-45E9-86DF-F066C02EC5CF}.Release|x64.Build.0 = Release|x64
		{AF586225-A645-45E9-86DF-F066C02EC5CF}.Release|x86.ActiveCfg = Release|Win32
		{AF586225-A645-45E9-86DF-F066C02EC5CF}.Release|x86.Build.0 = Release|Win32
	EndGlobalSection
	GlobalSection(SolutionProperties) = preSolution
		HideSolutionNode = FALSE
	EndGlobalSection
EndGlobal
